// !$*UTF8*$!
{
	archiveVersion = 1;
	classes = {
	};
	objectVersion = 55;
	objects = {

/* Begin PBXBuildFile section */
		435853EA27EA2873005FCD74 /* RecipesApp.swift in Sources */ = {isa = PBXBuildFile; fileRef = 435853DA27EA2871005FCD74 /* RecipesApp.swift */; };
		435853EB27EA2873005FCD74 /* RecipesApp.swift in Sources */ = {isa = PBXBuildFile; fileRef = 435853DA27EA2871005FCD74 /* RecipesApp.swift */; };
		435853EC27EA2873005FCD74 /* RecipeListView.swift in Sources */ = {isa = PBXBuildFile; fileRef = 435853DB27EA2871005FCD74 /* RecipeListView.swift */; };
		435853ED27EA2873005FCD74 /* RecipeListView.swift in Sources */ = {isa = PBXBuildFile; fileRef = 435853DB27EA2871005FCD74 /* RecipeListView.swift */; };
		435853EE27EA2873005FCD74 /* Assets.xcassets in Resources */ = {isa = PBXBuildFile; fileRef = 435853DC27EA2873005FCD74 /* Assets.xcassets */; };
		435853EF27EA2873005FCD74 /* Assets.xcassets in Resources */ = {isa = PBXBuildFile; fileRef = 435853DC27EA2873005FCD74 /* Assets.xcassets */; };
		435853FE27EA2919005FCD74 /* recipes.json in Resources */ = {isa = PBXBuildFile; fileRef = 435853FD27EA2919005FCD74 /* recipes.json */; };
		435853FF27EA2919005FCD74 /* recipes.json in Resources */ = {isa = PBXBuildFile; fileRef = 435853FD27EA2919005FCD74 /* recipes.json */; };
		4358540127EA29B5005FCD74 /* Recipe.swift in Sources */ = {isa = PBXBuildFile; fileRef = 4358540027EA29B5005FCD74 /* Recipe.swift */; };
		4358540227EA29B5005FCD74 /* Recipe.swift in Sources */ = {isa = PBXBuildFile; fileRef = 4358540027EA29B5005FCD74 /* Recipe.swift */; };
		4358540427EA2B96005FCD74 /* RecipeModel.swift in Sources */ = {isa = PBXBuildFile; fileRef = 4358540327EA2B96005FCD74 /* RecipeModel.swift */; };
		4358540527EA2B96005FCD74 /* RecipeModel.swift in Sources */ = {isa = PBXBuildFile; fileRef = 4358540327EA2B96005FCD74 /* RecipeModel.swift */; };
		4358540727EA2E44005FCD74 /* DataService.swift in Sources */ = {isa = PBXBuildFile; fileRef = 4358540627EA2E44005FCD74 /* DataService.swift */; };
		4358540827EA2E44005FCD74 /* DataService.swift in Sources */ = {isa = PBXBuildFile; fileRef = 4358540627EA2E44005FCD74 /* DataService.swift */; };
		4358540A27EA62A3005FCD74 /* RecipeDetailView.swift in Sources */ = {isa = PBXBuildFile; fileRef = 4358540927EA62A3005FCD74 /* RecipeDetailView.swift */; };
		4358540B27EA62A3005FCD74 /* RecipeDetailView.swift in Sources */ = {isa = PBXBuildFile; fileRef = 4358540927EA62A3005FCD74 /* RecipeDetailView.swift */; };
		4364D6A527EF42430056353C /* RecipeTabView.swift in Sources */ = {isa = PBXBuildFile; fileRef = 4364D6A427EF42430056353C /* RecipeTabView.swift */; };
		4364D6A627EF42430056353C /* RecipeTabView.swift in Sources */ = {isa = PBXBuildFile; fileRef = 4364D6A427EF42430056353C /* RecipeTabView.swift */; };
		4383DF6427F33C4800A86E08 /* Ingredient.swift in Sources */ = {isa = PBXBuildFile; fileRef = 4383DF6327F33C4800A86E08 /* Ingredient.swift */; };
		4383DF6527F33C4800A86E08 /* Ingredient.swift in Sources */ = {isa = PBXBuildFile; fileRef = 4383DF6327F33C4800A86E08 /* Ingredient.swift */; };
		4383DF6727F3403A00A86E08 /* RecipeFeaturedView.swift in Sources */ = {isa = PBXBuildFile; fileRef = 4383DF6627F3403A00A86E08 /* RecipeFeaturedView.swift */; };
		4383DF6827F3403A00A86E08 /* RecipeFeaturedView.swift in Sources */ = {isa = PBXBuildFile; fileRef = 4383DF6627F3403A00A86E08 /* RecipeFeaturedView.swift */; };
/* End PBXBuildFile section */

/* Begin PBXFileReference section */
		435853DA27EA2871005FCD74 /* RecipesApp.swift */ = {isa = PBXFileReference; lastKnownFileType = sourcecode.swift; path = RecipesApp.swift; sourceTree = "<group>"; };
		435853DB27EA2871005FCD74 /* RecipeListView.swift */ = {isa = PBXFileReference; lastKnownFileType = sourcecode.swift; path = RecipeListView.swift; sourceTree = "<group>"; };
		435853DC27EA2873005FCD74 /* Assets.xcassets */ = {isa = PBXFileReference; lastKnownFileType = folder.assetcatalog; path = Assets.xcassets; sourceTree = "<group>"; };
		435853E127EA2873005FCD74 /* Recipes.app */ = {isa = PBXFileReference; explicitFileType = wrapper.application; includeInIndex = 0; path = Recipes.app; sourceTree = BUILT_PRODUCTS_DIR; };
		435853E727EA2873005FCD74 /* Recipes.app */ = {isa = PBXFileReference; explicitFileType = wrapper.application; includeInIndex = 0; path = Recipes.app; sourceTree = BUILT_PRODUCTS_DIR; };
		435853E927EA2873005FCD74 /* macOS.entitlements */ = {isa = PBXFileReference; lastKnownFileType = text.plist.entitlements; path = macOS.entitlements; sourceTree = "<group>"; };
		435853FD27EA2919005FCD74 /* recipes.json */ = {isa = PBXFileReference; fileEncoding = 4; lastKnownFileType = text.json; path = recipes.json; sourceTree = "<group>"; };
		4358540027EA29B5005FCD74 /* Recipe.swift */ = {isa = PBXFileReference; lastKnownFileType = sourcecode.swift; path = Recipe.swift; sourceTree = "<group>"; };
		4358540327EA2B96005FCD74 /* RecipeModel.swift */ = {isa = PBXFileReference; lastKnownFileType = sourcecode.swift; path = RecipeModel.swift; sourceTree = "<group>"; };
		4358540627EA2E44005FCD74 /* DataService.swift */ = {isa = PBXFileReference; lastKnownFileType = sourcecode.swift; path = DataService.swift; sourceTree = "<group>"; };
		4358540927EA62A3005FCD74 /* RecipeDetailView.swift */ = {isa = PBXFileReference; lastKnownFileType = sourcecode.swift; path = RecipeDetailView.swift; sourceTree = "<group>"; };
		4364D6A427EF42430056353C /* RecipeTabView.swift */ = {isa = PBXFileReference; lastKnownFileType = sourcecode.swift; path = RecipeTabView.swift; sourceTree = "<group>"; };
		4383DF6327F33C4800A86E08 /* Ingredient.swift */ = {isa = PBXFileReference; lastKnownFileType = sourcecode.swift; path = Ingredient.swift; sourceTree = "<group>"; };
		4383DF6627F3403A00A86E08 /* RecipeFeaturedView.swift */ = {isa = PBXFileReference; lastKnownFileType = sourcecode.swift; path = RecipeFeaturedView.swift; sourceTree = "<group>"; };
/* End PBXFileReference section */

/* Begin PBXFrameworksBuildPhase section */
		435853DE27EA2873005FCD74 /* Frameworks */ = {
			isa = PBXFrameworksBuildPhase;
			buildActionMask = 2147483647;
			files = (
			);
			runOnlyForDeploymentPostprocessing = 0;
		};
		435853E427EA2873005FCD74 /* Frameworks */ = {
			isa = PBXFrameworksBuildPhase;
			buildActionMask = 2147483647;
			files = (
			);
			runOnlyForDeploymentPostprocessing = 0;
		};
/* End PBXFrameworksBuildPhase section */

/* Begin PBXGroup section */
		435853D427EA2871005FCD74 = {
			isa = PBXGroup;
			children = (
				435853D927EA2871005FCD74 /* Shared */,
				435853E827EA2873005FCD74 /* macOS */,
				435853E227EA2873005FCD74 /* Products */,
			);
			sourceTree = "<group>";
		};
		435853D927EA2871005FCD74 /* Shared */ = {
			isa = PBXGroup;
			children = (
				435853DA27EA2871005FCD74 /* RecipesApp.swift */,
				435853FA27EA289E005FCD74 /* View */,
				435853FC27EA28B5005FCD74 /* Model */,
				435853FB27EA28A8005FCD74 /* View Model */,
				435853F927EA2894005FCD74 /* Services */,
				435853F827EA2883005FCD74 /* Data */,
				435853DC27EA2873005FCD74 /* Assets.xcassets */,
			);
			path = Shared;
			sourceTree = "<group>";
		};
		435853E227EA2873005FCD74 /* Products */ = {
			isa = PBXGroup;
			children = (
				435853E127EA2873005FCD74 /* Recipes.app */,
				435853E727EA2873005FCD74 /* Recipes.app */,
			);
			name = Products;
			sourceTree = "<group>";
		};
		435853E827EA2873005FCD74 /* macOS */ = {
			isa = PBXGroup;
			children = (
				435853E927EA2873005FCD74 /* macOS.entitlements */,
			);
			path = macOS;
			sourceTree = "<group>";
		};
		435853F827EA2883005FCD74 /* Data */ = {
			isa = PBXGroup;
			children = (
				435853FD27EA2919005FCD74 /* recipes.json */,
			);
			path = Data;
			sourceTree = "<group>";
		};
		435853F927EA2894005FCD74 /* Services */ = {
			isa = PBXGroup;
			children = (
				4358540627EA2E44005FCD74 /* DataService.swift */,
			);
			path = Services;
			sourceTree = "<group>";
		};
		435853FA27EA289E005FCD74 /* View */ = {
			isa = PBXGroup;
			children = (
				4364D6A427EF42430056353C /* RecipeTabView.swift */,
				4383DF6627F3403A00A86E08 /* RecipeFeaturedView.swift */,
				435853DB27EA2871005FCD74 /* RecipeListView.swift */,
				4358540927EA62A3005FCD74 /* RecipeDetailView.swift */,
			);
			path = View;
			sourceTree = "<group>";
		};
		435853FB27EA28A8005FCD74 /* View Model */ = {
			isa = PBXGroup;
			children = (
				4358540327EA2B96005FCD74 /* RecipeModel.swift */,
			);
			path = "View Model";
			sourceTree = "<group>";
		};
		435853FC27EA28B5005FCD74 /* Model */ = {
			isa = PBXGroup;
			children = (
				4358540027EA29B5005FCD74 /* Recipe.swift */,
				4383DF6327F33C4800A86E08 /* Ingredient.swift */,
			);
			path = Model;
			sourceTree = "<group>";
		};
/* End PBXGroup section */

/* Begin PBXNativeTarget section */
		435853E027EA2873005FCD74 /* Recipes (iOS) */ = {
			isa = PBXNativeTarget;
			buildConfigurationList = 435853F227EA2873005FCD74 /* Build configuration list for PBXNativeTarget "Recipes (iOS)" */;
			buildPhases = (
				435853DD27EA2873005FCD74 /* Sources */,
				435853DE27EA2873005FCD74 /* Frameworks */,
				435853DF27EA2873005FCD74 /* Resources */,
			);
			buildRules = (
			);
			dependencies = (
			);
			name = "Recipes (iOS)";
			productName = "Recipe List (iOS)";
			productReference = 435853E127EA2873005FCD74 /* Recipes.app */;
			productType = "com.apple.product-type.application";
		};
		435853E627EA2873005FCD74 /* Recipes (macOS) */ = {
			isa = PBXNativeTarget;
			buildConfigurationList = 435853F527EA2873005FCD74 /* Build configuration list for PBXNativeTarget "Recipes (macOS)" */;
			buildPhases = (
				435853E327EA2873005FCD74 /* Sources */,
				435853E427EA2873005FCD74 /* Frameworks */,
				435853E527EA2873005FCD74 /* Resources */,
			);
			buildRules = (
			);
			dependencies = (
			);
			name = "Recipes (macOS)";
			productName = "Recipe List (macOS)";
			productReference = 435853E727EA2873005FCD74 /* Recipes.app */;
			productType = "com.apple.product-type.application";
		};
/* End PBXNativeTarget section */

/* Begin PBXProject section */
		435853D527EA2871005FCD74 /* Project object */ = {
			isa = PBXProject;
			attributes = {
				BuildIndependentTargetsInParallel = 1;
				LastSwiftUpdateCheck = 1330;
				LastUpgradeCheck = 1330;
				TargetAttributes = {
					435853E027EA2873005FCD74 = {
						CreatedOnToolsVersion = 13.3;
					};
					435853E627EA2873005FCD74 = {
						CreatedOnToolsVersion = 13.3;
					};
				};
			};
			buildConfigurationList = 435853D827EA2871005FCD74 /* Build configuration list for PBXProject "Recipes" */;
			compatibilityVersion = "Xcode 13.0";
			developmentRegion = en;
			hasScannedForEncodings = 0;
			knownRegions = (
				en,
				Base,
			);
			mainGroup = 435853D427EA2871005FCD74;
			productRefGroup = 435853E227EA2873005FCD74 /* Products */;
			projectDirPath = "";
			projectRoot = "";
			targets = (
				435853E027EA2873005FCD74 /* Recipes (iOS) */,
				435853E627EA2873005FCD74 /* Recipes (macOS) */,
			);
		};
/* End PBXProject section */

/* Begin PBXResourcesBuildPhase section */
		435853DF27EA2873005FCD74 /* Resources */ = {
			isa = PBXResourcesBuildPhase;
			buildActionMask = 2147483647;
			files = (
				435853EE27EA2873005FCD74 /* Assets.xcassets in Resources */,
				435853FE27EA2919005FCD74 /* recipes.json in Resources */,
			);
			runOnlyForDeploymentPostprocessing = 0;
		};
		435853E527EA2873005FCD74 /* Resources */ = {
			isa = PBXResourcesBuildPhase;
			buildActionMask = 2147483647;
			files = (
				435853EF27EA2873005FCD74 /* Assets.xcassets in Resources */,
				435853FF27EA2919005FCD74 /* recipes.json in Resources */,
			);
			runOnlyForDeploymentPostprocessing = 0;
		};
/* End PBXResourcesBuildPhase section */

/* Begin PBXSourcesBuildPhase section */
		435853DD27EA2873005FCD74 /* Sources */ = {
			isa = PBXSourcesBuildPhase;
			buildActionMask = 2147483647;
			files = (
				4358540127EA29B5005FCD74 /* Recipe.swift in Sources */,
				4358540A27EA62A3005FCD74 /* RecipeDetailView.swift in Sources */,
				4358540427EA2B96005FCD74 /* RecipeModel.swift in Sources */,
				435853EC27EA2873005FCD74 /* RecipeListView.swift in Sources */,
				4383DF6427F33C4800A86E08 /* Ingredient.swift in Sources */,
				4383DF6727F3403A00A86E08 /* RecipeFeaturedView.swift in Sources */,
				435853EA27EA2873005FCD74 /* RecipesApp.swift in Sources */,
				4358540727EA2E44005FCD74 /* DataService.swift in Sources */,
				4364D6A527EF42430056353C /* RecipeTabView.swift in Sources */,
			);
			runOnlyForDeploymentPostprocessing = 0;
		};
		435853E327EA2873005FCD74 /* Sources */ = {
			isa = PBXSourcesBuildPhase;
			buildActionMask = 2147483647;
			files = (
				4358540227EA29B5005FCD74 /* Recipe.swift in Sources */,
				4358540B27EA62A3005FCD74 /* RecipeDetailView.swift in Sources */,
				4358540527EA2B96005FCD74 /* RecipeModel.swift in Sources */,
				435853ED27EA2873005FCD74 /* RecipeListView.swift in Sources */,
				4383DF6527F33C4800A86E08 /* Ingredient.swift in Sources */,
				4383DF6827F3403A00A86E08 /* RecipeFeaturedView.swift in Sources */,
				435853EB27EA2873005FCD74 /* RecipesApp.swift in Sources */,
				4358540827EA2E44005FCD74 /* DataService.swift in Sources */,
				4364D6A627EF42430056353C /* RecipeTabView.swift in Sources */,
			);
			runOnlyForDeploymentPostprocessing = 0;
		};
/* End PBXSourcesBuildPhase section */

/* Begin XCBuildConfiguration section */
		435853F027EA2873005FCD74 /* Debug */ = {
			isa = XCBuildConfiguration;
			buildSettings = {
				ALWAYS_SEARCH_USER_PATHS = NO;
				CLANG_ANALYZER_NONNULL = YES;
				CLANG_ANALYZER_NUMBER_OBJECT_CONVERSION = YES_AGGRESSIVE;
				CLANG_CXX_LANGUAGE_STANDARD = "gnu++17";
				CLANG_ENABLE_MODULES = YES;
				CLANG_ENABLE_OBJC_ARC = YES;
				CLANG_ENABLE_OBJC_WEAK = YES;
				CLANG_WARN_BLOCK_CAPTURE_AUTORELEASING = YES;
				CLANG_WARN_BOOL_CONVERSION = YES;
				CLANG_WARN_COMMA = YES;
				CLANG_WARN_CONSTANT_CONVERSION = YES;
				CLANG_WARN_DEPRECATED_OBJC_IMPLEMENTATIONS = YES;
				CLANG_WARN_DIRECT_OBJC_ISA_USAGE = YES_ERROR;
				CLANG_WARN_DOCUMENTATION_COMMENTS = YES;
				CLANG_WARN_EMPTY_BODY = YES;
				CLANG_WARN_ENUM_CONVERSION = YES;
				CLANG_WARN_INFINITE_RECURSION = YES;
				CLANG_WARN_INT_CONVERSION = YES;
				CLANG_WARN_NON_LITERAL_NULL_CONVERSION = YES;
				CLANG_WARN_OBJC_IMPLICIT_RETAIN_SELF = YES;
				CLANG_WARN_OBJC_LITERAL_CONVERSION = YES;
				CLANG_WARN_OBJC_ROOT_CLASS = YES_ERROR;
				CLANG_WARN_QUOTED_INCLUDE_IN_FRAMEWORK_HEADER = YES;
				CLANG_WARN_RANGE_LOOP_ANALYSIS = YES;
				CLANG_WARN_STRICT_PROTOTYPES = YES;
				CLANG_WARN_SUSPICIOUS_MOVE = YES;
				CLANG_WARN_UNGUARDED_AVAILABILITY = YES_AGGRESSIVE;
				CLANG_WARN_UNREACHABLE_CODE = YES;
				CLANG_WARN__DUPLICATE_METHOD_MATCH = YES;
				COPY_PHASE_STRIP = NO;
				DEBUG_INFORMATION_FORMAT = dwarf;
				ENABLE_STRICT_OBJC_MSGSEND = YES;
				ENABLE_TESTABILITY = YES;
				GCC_C_LANGUAGE_STANDARD = gnu11;
				GCC_DYNAMIC_NO_PIC = NO;
				GCC_NO_COMMON_BLOCKS = YES;
				GCC_OPTIMIZATION_LEVEL = 0;
				GCC_PREPROCESSOR_DEFINITIONS = (
					"DEBUG=1",
					"$(inherited)",
				);
				GCC_WARN_64_TO_32_BIT_CONVERSION = YES;
				GCC_WARN_ABOUT_RETURN_TYPE = YES_ERROR;
				GCC_WARN_UNDECLARED_SELECTOR = YES;
				GCC_WARN_UNINITIALIZED_AUTOS = YES_AGGRESSIVE;
				GCC_WARN_UNUSED_FUNCTION = YES;
				GCC_WARN_UNUSED_VARIABLE = YES;
				MTL_ENABLE_DEBUG_INFO = INCLUDE_SOURCE;
				MTL_FAST_MATH = YES;
				ONLY_ACTIVE_ARCH = YES;
				SWIFT_ACTIVE_COMPILATION_CONDITIONS = DEBUG;
				SWIFT_OPTIMIZATION_LEVEL = "-Onone";
			};
			name = Debug;
		};
		435853F127EA2873005FCD74 /* Release */ = {
			isa = XCBuildConfiguration;
			buildSettings = {
				ALWAYS_SEARCH_USER_PATHS = NO;
				CLANG_ANALYZER_NONNULL = YES;
				CLANG_ANALYZER_NUMBER_OBJECT_CONVERSION = YES_AGGRESSIVE;
				CLANG_CXX_LANGUAGE_STANDARD = "gnu++17";
				CLANG_ENABLE_MODULES = YES;
				CLANG_ENABLE_OBJC_ARC = YES;
				CLANG_ENABLE_OBJC_WEAK = YES;
				CLANG_WARN_BLOCK_CAPTURE_AUTORELEASING = YES;
				CLANG_WARN_BOOL_CONVERSION = YES;
				CLANG_WARN_COMMA = YES;
				CLANG_WARN_CONSTANT_CONVERSION = YES;
				CLANG_WARN_DEPRECATED_OBJC_IMPLEMENTATIONS = YES;
				CLANG_WARN_DIRECT_OBJC_ISA_USAGE = YES_ERROR;
				CLANG_WARN_DOCUMENTATION_COMMENTS = YES;
				CLANG_WARN_EMPTY_BODY = YES;
				CLANG_WARN_ENUM_CONVERSION = YES;
				CLANG_WARN_INFINITE_RECURSION = YES;
				CLANG_WARN_INT_CONVERSION = YES;
				CLANG_WARN_NON_LITERAL_NULL_CONVERSION = YES;
				CLANG_WARN_OBJC_IMPLICIT_RETAIN_SELF = YES;
				CLANG_WARN_OBJC_LITERAL_CONVERSION = YES;
				CLANG_WARN_OBJC_ROOT_CLASS = YES_ERROR;
				CLANG_WARN_QUOTED_INCLUDE_IN_FRAMEWORK_HEADER = YES;
				CLANG_WARN_RANGE_LOOP_ANALYSIS = YES;
				CLANG_WARN_STRICT_PROTOTYPES = YES;
				CLANG_WARN_SUSPICIOUS_MOVE = YES;
				CLANG_WARN_UNGUARDED_AVAILABILITY = YES_AGGRESSIVE;
				CLANG_WARN_UNREACHABLE_CODE = YES;
				CLANG_WARN__DUPLICATE_METHOD_MATCH = YES;
				COPY_PHASE_STRIP = NO;
				DEBUG_INFORMATION_FORMAT = "dwarf-with-dsym";
				ENABLE_NS_ASSERTIONS = NO;
				ENABLE_STRICT_OBJC_MSGSEND = YES;
				GCC_C_LANGUAGE_STANDARD = gnu11;
				GCC_NO_COMMON_BLOCKS = YES;
				GCC_WARN_64_TO_32_BIT_CONVERSION = YES;
				GCC_WARN_ABOUT_RETURN_TYPE = YES_ERROR;
				GCC_WARN_UNDECLARED_SELECTOR = YES;
				GCC_WARN_UNINITIALIZED_AUTOS = YES_AGGRESSIVE;
				GCC_WARN_UNUSED_FUNCTION = YES;
				GCC_WARN_UNUSED_VARIABLE = YES;
				MTL_ENABLE_DEBUG_INFO = NO;
				MTL_FAST_MATH = YES;
				SWIFT_COMPILATION_MODE = wholemodule;
				SWIFT_OPTIMIZATION_LEVEL = "-O";
			};
			name = Release;
		};
		435853F327EA2873005FCD74 /* Debug */ = {
			isa = XCBuildConfiguration;
			buildSettings = {
				ASSETCATALOG_COMPILER_APPICON_NAME = AppIcon;
				ASSETCATALOG_COMPILER_GLOBAL_ACCENT_COLOR_NAME = AccentColor;
				CODE_SIGN_STYLE = Automatic;
				CURRENT_PROJECT_VERSION = 1;
				DEVELOPMENT_TEAM = 6H45J9ZG9W;
				ENABLE_PREVIEWS = YES;
				GENERATE_INFOPLIST_FILE = YES;
				INFOPLIST_KEY_UIApplicationSceneManifest_Generation = YES;
				INFOPLIST_KEY_UIApplicationSupportsIndirectInputEvents = YES;
				INFOPLIST_KEY_UILaunchScreen_Generation = YES;
				INFOPLIST_KEY_UISupportedInterfaceOrientations_iPad = "UIInterfaceOrientationPortrait UIInterfaceOrientationPortraitUpsideDown UIInterfaceOrientationLandscapeLeft UIInterfaceOrientationLandscapeRight";
				INFOPLIST_KEY_UISupportedInterfaceOrientations_iPhone = "UIInterfaceOrientationPortrait UIInterfaceOrientationLandscapeLeft UIInterfaceOrientationLandscapeRight";
				IPHONEOS_DEPLOYMENT_TARGET = 15.4;
				LD_RUNPATH_SEARCH_PATHS = (
					"$(inherited)",
					"@executable_path/Frameworks",
				);
				MARKETING_VERSION = 1.0;
				PRODUCT_BUNDLE_IDENTIFIER = com.emkinter.Recipes;
				PRODUCT_NAME = Recipes;
				SDKROOT = iphoneos;
				SWIFT_EMIT_LOC_STRINGS = YES;
				SWIFT_VERSION = 5.0;
				TARGETED_DEVICE_FAMILY = "1,2";
			};
			name = Debug;
		};
		435853F427EA2873005FCD74 /* Release */ = {
			isa = XCBuildConfiguration;
			buildSettings = {
				ASSETCATALOG_COMPILER_APPICON_NAME = AppIcon;
				ASSETCATALOG_COMPILER_GLOBAL_ACCENT_COLOR_NAME = AccentColor;
				CODE_SIGN_STYLE = Automatic;
				CURRENT_PROJECT_VERSION = 1;
				DEVELOPMENT_TEAM = 6H45J9ZG9W;
				ENABLE_PREVIEWS = YES;
				GENERATE_INFOPLIST_FILE = YES;
				INFOPLIST_KEY_UIApplicationSceneManifest_Generation = YES;
				INFOPLIST_KEY_UIApplicationSupportsIndirectInputEvents = YES;
				INFOPLIST_KEY_UILaunchScreen_Generation = YES;
				INFOPLIST_KEY_UISupportedInterfaceOrientations_iPad = "UIInterfaceOrientationPortrait UIInterfaceOrientationPortraitUpsideDown UIInterfaceOrientationLandscapeLeft UIInterfaceOrientationLandscapeRight";
				INFOPLIST_KEY_UISupportedInterfaceOrientations_iPhone = "UIInterfaceOrientationPortrait UIInterfaceOrientationLandscapeLeft UIInterfaceOrientationLandscapeRight";
				IPHONEOS_DEPLOYMENT_TARGET = 15.4;
				LD_RUNPATH_SEARCH_PATHS = (
					"$(inherited)",
					"@executable_path/Frameworks",
				);
				MARKETING_VERSION = 1.0;
				PRODUCT_BUNDLE_IDENTIFIER = com.emkinter.Recipes;
				PRODUCT_NAME = Recipes;
				SDKROOT = iphoneos;
				SWIFT_EMIT_LOC_STRINGS = YES;
				SWIFT_VERSION = 5.0;
				TARGETED_DEVICE_FAMILY = "1,2";
				VALIDATE_PRODUCT = YES;
			};
			name = Release;
		};
		435853F627EA2873005FCD74 /* Debug */ = {
			isa = XCBuildConfiguration;
			buildSettings = {
				ASSETCATALOG_COMPILER_APPICON_NAME = AppIcon;
				ASSETCATALOG_COMPILER_GLOBAL_ACCENT_COLOR_NAME = AccentColor;
				CODE_SIGN_ENTITLEMENTS = macOS/macOS.entitlements;
				CODE_SIGN_STYLE = Automatic;
				COMBINE_HIDPI_IMAGES = YES;
				CURRENT_PROJECT_VERSION = 1;
				DEVELOPMENT_TEAM = 6H45J9ZG9W;
				ENABLE_HARDENED_RUNTIME = YES;
				ENABLE_PREVIEWS = YES;
				GENERATE_INFOPLIST_FILE = YES;
				INFOPLIST_KEY_NSHumanReadableCopyright = "";
				LD_RUNPATH_SEARCH_PATHS = (
					"$(inherited)",
					"@executable_path/../Frameworks",
				);
				MACOSX_DEPLOYMENT_TARGET = 12.3;
				MARKETING_VERSION = 1.0;
				PRODUCT_BUNDLE_IDENTIFIER = "com.emkinter.Recipe-List";
				PRODUCT_NAME = Recipes;
				SDKROOT = macosx;
				SWIFT_EMIT_LOC_STRINGS = YES;
				SWIFT_VERSION = 5.0;
			};
			name = Debug;
		};
		435853F727EA2873005FCD74 /* Release */ = {
			isa = XCBuildConfiguration;
			buildSettings = {
				ASSETCATALOG_COMPILER_APPICON_NAME = AppIcon;
				ASSETCATALOG_COMPILER_GLOBAL_ACCENT_COLOR_NAME = AccentColor;
				CODE_SIGN_ENTITLEMENTS = macOS/macOS.entitlements;
				CODE_SIGN_STYLE = Automatic;
				COMBINE_HIDPI_IMAGES = YES;
				CURRENT_PROJECT_VERSION = 1;
				DEVELOPMENT_TEAM = 6H45J9ZG9W;
				ENABLE_HARDENED_RUNTIME = YES;
				ENABLE_PREVIEWS = YES;
				GENERATE_INFOPLIST_FILE = YES;
				INFOPLIST_KEY_NSHumanReadableCopyright = "";
				LD_RUNPATH_SEARCH_PATHS = (
					"$(inherited)",
					"@executable_path/../Frameworks",
				);
				MACOSX_DEPLOYMENT_TARGET = 12.3;
				MARKETING_VERSION = 1.0;
				PRODUCT_BUNDLE_IDENTIFIER = "com.emkinter.Recipe-List";
				PRODUCT_NAME = Recipes;
				SDKROOT = macosx;
				SWIFT_EMIT_LOC_STRINGS = YES;
				SWIFT_VERSION = 5.0;
			};
			name = Release;
		};
/* End XCBuildConfiguration section */

/* Begin XCConfigurationList section */
		435853D827EA2871005FCD74 /* Build configuration list for PBXProject "Recipes" */ = {
			isa = XCConfigurationList;
			buildConfigurations = (
				435853F027EA2873005FCD74 /* Debug */,
				435853F127EA2873005FCD74 /* Release */,
			);
			defaultConfigurationIsVisible = 0;
			defaultConfigurationName = Release;
		};
		435853F227EA2873005FCD74 /* Build configuration list for PBXNativeTarget "Recipes (iOS)" */ = {
			isa = XCConfigurationList;
			buildConfigurations = (
				435853F327EA2873005FCD74 /* Debug */,
				435853F427EA2873005FCD74 /* Release */,
			);
			defaultConfigurationIsVisible = 0;
			defaultConfigurationName = Release;
		};
		435853F527EA2873005FCD74 /* Build configuration list for PBXNativeTarget "Recipes (macOS)" */ = {
			isa = XCConfigurationList;
			buildConfigurations = (
				435853F627EA2873005FCD74 /* Debug */,
				435853F727EA2873005FCD74 /* Release */,
			);
			defaultConfigurationIsVisible = 0;
			defaultConfigurationName = Release;
		};
/* End XCConfigurationList section */
	};
	rootObject = 435853D527EA2871005FCD74 /* Project object */;
}
